
Microsoft Visual Studio Solution File, Format Version 12.00
# Visual Studio Version 17
VisualStudioVersion = 17.11.35312.102
MinimumVisualStudioVersion = 10.0.40219.1
Project("{9A19103F-16F7-4668-BE54-9A1E7A4F7556}") = "Main", "Main\Main.csproj", "{61CAEFDD-91ED-4EE6-AFC5-FD0C84A716DF}"
EndProject
Project("{2150E333-8FDC-42A3-9474-1A3956D46DE8}") = "DLLs", "DLLs", "{B04EA5B8-8791-42BA-94AE-33E3979F1281}"
EndProject
Project("{9A19103F-16F7-4668-BE54-9A1E7A4F7556}") = "ObjetosZoo", "DLLs\ObjetosZoo\ObjetosZoo.csproj", "{DAA13451-DF39-410D-B00F-9AE0DAF5199E}"
EndProject
Project("{9A19103F-16F7-4668-BE54-9A1E7A4F7556}") = "Dados", "DLLs\Dados\Dados.csproj", "{F720CE8D-5093-4C8D-9C2A-AF5D1E303402}"
EndProject
Project("{9A19103F-16F7-4668-BE54-9A1E7A4F7556}") = "Frontend", "DLLs\Frontend\Frontend.csproj", "{5424A6BE-5C8F-4C55-9B6D-BFE9E87B97A6}"
EndProject
Project("{9A19103F-16F7-4668-BE54-9A1E7A4F7556}") = "RegrasZoo", "DLLs\RegrasZoo\RegrasZoo.csproj", "{A92C2B8D-DE20-4F8B-B75F-7D2A555F5A7C}"
EndProject
Project("{FAE04EC0-301F-11D3-BF4B-00C04F79EFBC}") = "Programa", "Programa\Programa.csproj", "{5C719D92-F852-470D-937F-6148AE17EDEA}"
EndProject
Global
	GlobalSection(SolutionConfigurationPlatforms) = preSolution
		Debug|Any CPU = Debug|Any CPU
		Release|Any CPU = Release|Any CPU
	EndGlobalSection
	GlobalSection(ProjectConfigurationPlatforms) = postSolution
		{61CAEFDD-91ED-4EE6-AFC5-FD0C84A716DF}.Debug|Any CPU.ActiveCfg = Debug|Any CPU
		{61CAEFDD-91ED-4EE6-AFC5-FD0C84A716DF}.Debug|Any CPU.Build.0 = Debug|Any CPU
		{61CAEFDD-91ED-4EE6-AFC5-FD0C84A716DF}.Release|Any CPU.ActiveCfg = Release|Any CPU
		{61CAEFDD-91ED-4EE6-AFC5-FD0C84A716DF}.Release|Any CPU.Build.0 = Release|Any CPU
		{DAA13451-DF39-410D-B00F-9AE0DAF5199E}.Debug|Any CPU.ActiveCfg = Debug|Any CPU
		{DAA13451-DF39-410D-B00F-9AE0DAF5199E}.Debug|Any CPU.Build.0 = Debug|Any CPU
		{DAA13451-DF39-410D-B00F-9AE0DAF5199E}.Release|Any CPU.ActiveCfg = Release|Any CPU
		{DAA13451-DF39-410D-B00F-9AE0DAF5199E}.Release|Any CPU.Build.0 = Release|Any CPU
		{F720CE8D-5093-4C8D-9C2A-AF5D1E303402}.Debug|Any CPU.ActiveCfg = Debug|Any CPU
		{F720CE8D-5093-4C8D-9C2A-AF5D1E303402}.Debug|Any CPU.Build.0 = Debug|Any CPU
		{F720CE8D-5093-4C8D-9C2A-AF5D1E303402}.Release|Any CPU.ActiveCfg = Release|Any CPU
		{F720CE8D-5093-4C8D-9C2A-AF5D1E303402}.Release|Any CPU.Build.0 = Release|Any CPU
		{5424A6BE-5C8F-4C55-9B6D-BFE9E87B97A6}.Debug|Any CPU.ActiveCfg = Debug|Any CPU
		{5424A6BE-5C8F-4C55-9B6D-BFE9E87B97A6}.Debug|Any CPU.Build.0 = Debug|Any CPU
		{5424A6BE-5C8F-4C55-9B6D-BFE9E87B97A6}.Release|Any CPU.ActiveCfg = Release|Any CPU
		{5424A6BE-5C8F-4C55-9B6D-BFE9E87B97A6}.Release|Any CPU.Build.0 = Release|Any CPU
		{A92C2B8D-DE20-4F8B-B75F-7D2A555F5A7C}.Debug|Any CPU.ActiveCfg = Debug|Any CPU
		{A92C2B8D-DE20-4F8B-B75F-7D2A555F5A7C}.Debug|Any CPU.Build.0 = Debug|Any CPU
		{A92C2B8D-DE20-4F8B-B75F-7D2A555F5A7C}.Release|Any CPU.ActiveCfg = Release|Any CPU
		{A92C2B8D-DE20-4F8B-B75F-7D2A555F5A7C}.Release|Any CPU.Build.0 = Release|Any CPU
		{5C719D92-F852-470D-937F-6148AE17EDEA}.Debug|Any CPU.ActiveCfg = Debug|Any CPU
		{5C719D92-F852-470D-937F-6148AE17EDEA}.Debug|Any CPU.Build.0 = Debug|Any CPU
		{5C719D92-F852-470D-937F-6148AE17EDEA}.Release|Any CPU.ActiveCfg = Release|Any CPU
		{5C719D92-F852-470D-937F-6148AE17EDEA}.Release|Any CPU.Build.0 = Release|Any CPU
	EndGlobalSection
	GlobalSection(SolutionProperties) = preSolution
		HideSolutionNode = FALSE
	EndGlobalSection
	GlobalSection(NestedProjects) = preSolution
		{DAA13451-DF39-410D-B00F-9AE0DAF5199E} = {B04EA5B8-8791-42BA-94AE-33E3979F1281}
		{F720CE8D-5093-4C8D-9C2A-AF5D1E303402} = {B04EA5B8-8791-42BA-94AE-33E3979F1281}
		{5424A6BE-5C8F-4C55-9B6D-BFE9E87B97A6} = {B04EA5B8-8791-42BA-94AE-33E3979F1281}
		{A92C2B8D-DE20-4F8B-B75F-7D2A555F5A7C} = {B04EA5B8-8791-42BA-94AE-33E3979F1281}
	EndGlobalSection
	GlobalSection(ExtensibilityGlobals) = postSolution
		SolutionGuid = {3035CFE0-E30F-47E0-8ACD-8CAEE1EB1CCB}
	EndGlobalSection
EndGlobal
