
Microsoft Visual Studio Solution File, Format Version 12.00
# Visual Studio Version 17
VisualStudioVersion = 17.11.35312.102
MinimumVisualStudioVersion = 10.0.40219.1
Project("{FAE04EC0-301F-11D3-BF4B-00C04F79EFBC}") = "Main", "GereZoologico\Main.csproj", "{61CAEFDD-91ED-4EE6-AFC5-FD0C84A716DF}"
EndProject
Project("{2150E333-8FDC-42A3-9474-1A3956D46DE8}") = "DLLs", "DLLs", "{B04EA5B8-8791-42BA-94AE-33E3979F1281}"
EndProject
Project("{FAE04EC0-301F-11D3-BF4B-00C04F79EFBC}") = "ObjetosZoo", "DLLs\ObjetosZoo\ObjetosZoo.csproj", "{DAA13451-DF39-410D-B00F-9AE0DAF5199E}"
EndProject
Global
	GlobalSection(SolutionConfigurationPlatforms) = preSolution
		Debug|Any CPU = Debug|Any CPU
		Release|Any CPU = Release|Any CPU
	EndGlobalSection
	GlobalSection(ProjectConfigurationPlatforms) = postSolution
		{61CAEFDD-91ED-4EE6-AFC5-FD0C84A716DF}.Debug|Any CPU.ActiveCfg = Debug|Any CPU
		{61CAEFDD-91ED-4EE6-AFC5-FD0C84A716DF}.Debug|Any CPU.Build.0 = Debug|Any CPU
		{61CAEFDD-91ED-4EE6-AFC5-FD0C84A716DF}.Release|Any CPU.ActiveCfg = Release|Any CPU
		{61CAEFDD-91ED-4EE6-AFC5-FD0C84A716DF}.Release|Any CPU.Build.0 = Release|Any CPU
		{DAA13451-DF39-410D-B00F-9AE0DAF5199E}.Debug|Any CPU.ActiveCfg = Debug|Any CPU
		{DAA13451-DF39-410D-B00F-9AE0DAF5199E}.Debug|Any CPU.Build.0 = Debug|Any CPU
		{DAA13451-DF39-410D-B00F-9AE0DAF5199E}.Release|Any CPU.ActiveCfg = Release|Any CPU
		{DAA13451-DF39-410D-B00F-9AE0DAF5199E}.Release|Any CPU.Build.0 = Release|Any CPU
	EndGlobalSection
	GlobalSection(SolutionProperties) = preSolution
		HideSolutionNode = FALSE
	EndGlobalSection
	GlobalSection(NestedProjects) = preSolution
		{DAA13451-DF39-410D-B00F-9AE0DAF5199E} = {B04EA5B8-8791-42BA-94AE-33E3979F1281}
	EndGlobalSection
	GlobalSection(ExtensibilityGlobals) = postSolution
		SolutionGuid = {3035CFE0-E30F-47E0-8ACD-8CAEE1EB1CCB}
	EndGlobalSection
EndGlobal
